
Microsoft Visual Studio Solution File, Format Version 12.00
# Visual Studio Version 17
VisualStudioVersion = 17.3.32825.248
MinimumVisualStudioVersion = 10.0.40219.1
Project("{FAE04EC0-301F-11D3-BF4B-00C04F79EFBC}") = "QRDecoder", "QRDecoder\QRDecoder.csproj", "{0C86E863-BFB2-4021-8B98-D5C6BA6A07C3}"
EndProject
Global
	GlobalSection(SolutionConfigurationPlatforms) = preSolution
		Debug|Any CPU = Debug|Any CPU
		Release|Any CPU = Release|Any CPU
	EndGlobalSection
	GlobalSection(ProjectConfigurationPlatforms) = postSolution
		{0C86E863-BFB2-4021-8B98-D5C6BA6A07C3}.Debug|Any CPU.ActiveCfg = Debug|Any CPU
		{0C86E863-BFB2-4021-8B98-D5C6BA6A07C3}.Debug|Any CPU.Build.0 = Debug|Any CPU
		{0C86E863-BFB2-4021-8B98-D5C6BA6A07C3}.Release|Any CPU.ActiveCfg = Release|Any CPU
		{0C86E863-BFB2-4021-8B98-D5C6BA6A07C3}.Release|Any CPU.Build.0 = Release|Any CPU
	EndGlobalSection
	GlobalSection(SolutionProperties) = preSolution
		HideSolutionNode = FALSE
	EndGlobalSection
	GlobalSection(ExtensibilityGlobals) = postSolution
		SolutionGuid = {B34C4CDF-BB6F-4322-A3B2-48F098DF9671}
	EndGlobalSection
EndGlobal
